
Microsoft Visual Studio Solution File, Format Version 12.00
# Visual Studio Version 16
VisualStudioVersion = 16.0.30907.101
MinimumVisualStudioVersion = 10.0.40219.1
Project("{FAE04EC0-301F-11D3-BF4B-00C04F79EFBC}") = "MP4-Length-Modifier", "MP4-Length-Modifier.csproj", "{B4FED453-611D-4D5C-AC06-FAFCA637931F}"
EndProject
Global
	GlobalSection(SolutionConfigurationPlatforms) = preSolution
		Debug|Any CPU = Debug|Any CPU
		Release|Any CPU = Release|Any CPU
	EndGlobalSection
	GlobalSection(ProjectConfigurationPlatforms) = postSolution
		{B4FED453-611D-4D5C-AC06-FAFCA637931F}.Debug|Any CPU.ActiveCfg = Debug|Any CPU
		{B4FED453-611D-4D5C-AC06-FAFCA637931F}.Debug|Any CPU.Build.0 = Debug|Any CPU
		{B4FED453-611D-4D5C-AC06-FAFCA637931F}.Release|Any CPU.ActiveCfg = Release|Any CPU
		{B4FED453-611D-4D5C-AC06-FAFCA637931F}.Release|Any CPU.Build.0 = Release|Any CPU
	EndGlobalSection
	GlobalSection(SolutionProperties) = preSolution
		HideSolutionNode = FALSE
	EndGlobalSection
	GlobalSection(ExtensibilityGlobals) = postSolution
		SolutionGuid = {D0B4B01C-D79C-4CB0-B7B1-491932BB3B69}
	EndGlobalSection
EndGlobal
